# THIS IS AN AUTOGENERATED FILE. DO NOT EDIT THIS FILE DIRECTLY.
# yarn lockfile v1


callsites@^3.1.0:
  version "3.1.0"
  resolved "https://registry.yarnpkg.com/callsites/-/callsites-3.1.0.tgz#b3630abd8943432f54b3f0519238e33cd7df2f73"
  integrity sha512-P8BjAsXvZS+VIDUI11hHCQEv74YT67YUi5JJFNWIqL235sBmjX4+qx9Muvls5ivyNENctx46xQLQ3aTuE7ssaQ==

camelcase@^5.0.0:
  version "5.3.1"
  resolved "https://registry.yarnpkg.com/camelcase/-/camelcase-5.3.1.tgz#e3c9b31569e106811df242f715725a1f4c494320"
  integrity sha512-L28STB170nwWS63UjtlEOE3dldQApaJXZkOI1uMFfzf3rRuPegHaHesyee+YxQ+W6SvRDQV6UrdOdRiR153wJg==

convict@^6.0.0:
  version "6.0.0"
  resolved "https://registry.yarnpkg.com/convict/-/convict-6.0.0.tgz#4be829f001a778d337d32ec79e9ae7f2e39df1a6"
  integrity sha512-osfPkv5yjVoZqrTWBXuh/ABGpFoaJplbt0WXr0CodR4CSWt8UnzY4PSUyRz/+5BX5YUtWcToG29Kr0B6xhdIMg==
  dependencies:
    lodash.clonedeep "^4.5.0"
    yargs-parser "^18.1.3"

decamelize@^1.2.0:
  version "1.2.0"
  resolved "https://registry.yarnpkg.com/decamelize/-/decamelize-1.2.0.tgz#f6534d15148269b20352e7bee26f501f9a191290"
  integrity sha1-9lNNFRSCabIDUue+4m9QH5oZEpA=

dotenv@6.2.0:
  version "6.2.0"
  resolved "https://registry.yarnpkg.com/dotenv/-/dotenv-6.2.0.tgz#941c0410535d942c8becf28d3f357dbd9d476064"
  integrity sha512-HygQCKUBSFl8wKQZBSemMywRWcEDNidvNbjGVyZu3nbZ8qq9ubiPoGLMdRDpfSrpkkm9BXYFkpKxxFX38o/76w==

lodash.clonedeep@^4.5.0:
  version "4.5.0"
  resolved "https://registry.yarnpkg.com/lodash.clonedeep/-/lodash.clonedeep-4.5.0.tgz#e23f3f9c4f8fbdde872529c1071857a086e5ccef"
  integrity sha1-4j8/nE+Pvd6HJSnBBxhXoIblzO8=

lodash@^4.17.15:
  version "4.17.21"
  resolved "https://registry.yarnpkg.com/lodash/-/lodash-4.17.21.tgz#679591c564c3bffaae8454cf0b3df370c3d6911c"
  integrity sha512-v2kDEe57lecTulaDIuNTPy3Ry4gLGJ6Z1O3vE1krgXZNrsQ+LFTGHVxVjcXPs17LhbZVGedAJv8XZ1tvj5FvSg==

parent-module@^2.0.0:
  version "2.0.0"
  resolved "https://registry.yarnpkg.com/parent-module/-/parent-module-2.0.0.tgz#fa71f88ff1a50c27e15d8ff74e0e3a9523bf8708"
  integrity sha512-uo0Z9JJeWzv8BG+tRcapBKNJ0dro9cLyczGzulS6EfeyAdeC9sbojtW6XwvYxJkEne9En+J2XEl4zyglVeIwFg==
  dependencies:
    callsites "^3.1.0"

yargs-parser@^18.1.3:
  version "18.1.3"
  resolved "https://registry.yarnpkg.com/yargs-parser/-/yargs-parser-18.1.3.tgz#be68c4975c6b2abf469236b0c870362fab09a7b0"
  integrity sha512-o50j0JeToy/4K6OZcaQmW6lyXXKhq7csREXcDwk2omFPJEwUNOVtJKvmDr9EI1fAJZUyZcRF7kxGBWmRXudrCQ==
  dependencies:
    camelcase "^5.0.0"
    decamelize "^1.2.0"
